
Microsoft Visual Studio Solution File, Format Version 12.00
# Visual Studio 14
VisualStudioVersion = 14.0.25420.1
MinimumVisualStudioVersion = 10.0.40219.1
Project("{2150E333-8FDC-42A3-9474-1A3956D46DE8}") = "0 - Presentation", "0 - Presentation", "{3BCA2188-51EC-4C01-9C94-1CD583FAEFD3}"
EndProject
Project("{2150E333-8FDC-42A3-9474-1A3956D46DE8}") = "1 - Api", "1 - Api", "{10930992-73C6-4C38-9815-F039030EFEFA}"
EndProject
Project("{2150E333-8FDC-42A3-9474-1A3956D46DE8}") = "2 - Domain", "2 - Domain", "{ABAD0F67-B5AB-40EC-8B9C-322B5B1F2B8C}"
EndProject
Project("{2150E333-8FDC-42A3-9474-1A3956D46DE8}") = "3 - Infra", "3 - Infra", "{36090BD2-85D7-493D-870D-CAADC2B7A27E}"
EndProject
Project("{2150E333-8FDC-42A3-9474-1A3956D46DE8}") = "4 - Tests", "4 - Tests", "{2B081DBD-AD4B-453F-822F-CEF185C59245}"
EndProject
Project("{FAE04EC0-301F-11D3-BF4B-00C04F79EFBC}") = "Teste_Hbsis.WebApi", "Teste_Hbsis.WebApi\Teste_Hbsis.WebApi.csproj", "{EB4E44DE-16CA-4C43-A0B9-195CD7428048}"
EndProject
Project("{FAE04EC0-301F-11D3-BF4B-00C04F79EFBC}") = "Teste_Hbsis.Domain", "Teste_Hbsis.Domain\Teste_Hbsis.Domain.csproj", "{E092F730-00FB-45A8-BF51-232B0974ED16}"
EndProject
Project("{FAE04EC0-301F-11D3-BF4B-00C04F79EFBC}") = "Teste_Hbsis.Infra", "Teste_Hbsis.Infra\Teste_Hbsis.Infra.csproj", "{ED86BE3B-93C2-42DC-9742-662421C8E12C}"
EndProject
Project("{FAE04EC0-301F-11D3-BF4B-00C04F79EFBC}") = "Teste_Hbsis.Test", "Teste_Hbsis.Test\Teste_Hbsis.Test.csproj", "{256D7298-803C-4760-BFAB-9D479FB619A1}"
EndProject
Project("{2150E333-8FDC-42A3-9474-1A3956D46DE8}") = "5 - Commom", "5 - Commom", "{476B8801-06B9-4E23-8B87-4DBF626C35ED}"
EndProject
Project("{FAE04EC0-301F-11D3-BF4B-00C04F79EFBC}") = "Hbsis_Teste.Commom", "Hbsis_Teste.Commom\Hbsis_Teste.Commom.csproj", "{D85CC6D6-4371-40E2-9357-EDD9AC71E3D7}"
EndProject
Project("{FAE04EC0-301F-11D3-BF4B-00C04F79EFBC}") = "Teste_Hbsis.Ioc", "Teste_Hbsis.Ioc\Teste_Hbsis.Ioc.csproj", "{75E5790F-5EAA-453E-AD38-B6612E56C24E}"
EndProject
Project("{FAE04EC0-301F-11D3-BF4B-00C04F79EFBC}") = "Hbsis_Teste_Layout", "Hbsis_Teste_Layout\Hbsis_Teste_Layout.csproj", "{5210A807-9F00-4F83-81C0-A08D9086F6D0}"
EndProject
Project("{FAE04EC0-301F-11D3-BF4B-00C04F79EFBC}") = "Teste_Hbsis.Web", "Teste_Hbsis.Web\Teste_Hbsis.Web.csproj", "{2E3CAA74-292A-443C-9199-878CD81B0A2B}"
EndProject
Project("{2150E333-8FDC-42A3-9474-1A3956D46DE8}") = "6 - DatabaseScripts", "6 - DatabaseScripts", "{36F09792-F73D-46AB-8549-0596CA8B5EB6}"
	ProjectSection(SolutionItems) = preProject
		Scripts\scripts.sql = Scripts\scripts.sql
	EndProjectSection
EndProject
Global
	GlobalSection(SolutionConfigurationPlatforms) = preSolution
		Debug|Any CPU = Debug|Any CPU
		Debug|ARM = Debug|ARM
		Debug|x64 = Debug|x64
		Debug|x86 = Debug|x86
		Release|Any CPU = Release|Any CPU
		Release|ARM = Release|ARM
		Release|x64 = Release|x64
		Release|x86 = Release|x86
	EndGlobalSection
	GlobalSection(ProjectConfigurationPlatforms) = postSolution
		{EB4E44DE-16CA-4C43-A0B9-195CD7428048}.Debug|Any CPU.ActiveCfg = Debug|Any CPU
		{EB4E44DE-16CA-4C43-A0B9-195CD7428048}.Debug|Any CPU.Build.0 = Debug|Any CPU
		{EB4E44DE-16CA-4C43-A0B9-195CD7428048}.Debug|ARM.ActiveCfg = Debug|Any CPU
		{EB4E44DE-16CA-4C43-A0B9-195CD7428048}.Debug|ARM.Build.0 = Debug|Any CPU
		{EB4E44DE-16CA-4C43-A0B9-195CD7428048}.Debug|x64.ActiveCfg = Debug|Any CPU
		{EB4E44DE-16CA-4C43-A0B9-195CD7428048}.Debug|x64.Build.0 = Debug|Any CPU
		{EB4E44DE-16CA-4C43-A0B9-195CD7428048}.Debug|x86.ActiveCfg = Debug|Any CPU
		{EB4E44DE-16CA-4C43-A0B9-195CD7428048}.Debug|x86.Build.0 = Debug|Any CPU
		{EB4E44DE-16CA-4C43-A0B9-195CD7428048}.Release|Any CPU.ActiveCfg = Release|Any CPU
		{EB4E44DE-16CA-4C43-A0B9-195CD7428048}.Release|Any CPU.Build.0 = Release|Any CPU
		{EB4E44DE-16CA-4C43-A0B9-195CD7428048}.Release|ARM.ActiveCfg = Release|Any CPU
		{EB4E44DE-16CA-4C43-A0B9-195CD7428048}.Release|ARM.Build.0 = Release|Any CPU
		{EB4E44DE-16CA-4C43-A0B9-195CD7428048}.Release|x64.ActiveCfg = Release|Any CPU
		{EB4E44DE-16CA-4C43-A0B9-195CD7428048}.Release|x64.Build.0 = Release|Any CPU
		{EB4E44DE-16CA-4C43-A0B9-195CD7428048}.Release|x86.ActiveCfg = Release|Any CPU
		{EB4E44DE-16CA-4C43-A0B9-195CD7428048}.Release|x86.Build.0 = Release|Any CPU
		{E092F730-00FB-45A8-BF51-232B0974ED16}.Debug|Any CPU.ActiveCfg = Debug|Any CPU
		{E092F730-00FB-45A8-BF51-232B0974ED16}.Debug|Any CPU.Build.0 = Debug|Any CPU
		{E092F730-00FB-45A8-BF51-232B0974ED16}.Debug|ARM.ActiveCfg = Debug|Any CPU
		{E092F730-00FB-45A8-BF51-232B0974ED16}.Debug|ARM.Build.0 = Debug|Any CPU
		{E092F730-00FB-45A8-BF51-232B0974ED16}.Debug|x64.ActiveCfg = Debug|Any CPU
		{E092F730-00FB-45A8-BF51-232B0974ED16}.Debug|x64.Build.0 = Debug|Any CPU
		{E092F730-00FB-45A8-BF51-232B0974ED16}.Debug|x86.ActiveCfg = Debug|Any CPU
		{E092F730-00FB-45A8-BF51-232B0974ED16}.Debug|x86.Build.0 = Debug|Any CPU
		{E092F730-00FB-45A8-BF51-232B0974ED16}.Release|Any CPU.ActiveCfg = Release|Any CPU
		{E092F730-00FB-45A8-BF51-232B0974ED16}.Release|Any CPU.Build.0 = Release|Any CPU
		{E092F730-00FB-45A8-BF51-232B0974ED16}.Release|ARM.ActiveCfg = Release|Any CPU
		{E092F730-00FB-45A8-BF51-232B0974ED16}.Release|ARM.Build.0 = Release|Any CPU
		{E092F730-00FB-45A8-BF51-232B0974ED16}.Release|x64.ActiveCfg = Release|Any CPU
		{E092F730-00FB-45A8-BF51-232B0974ED16}.Release|x64.Build.0 = Release|Any CPU
		{E092F730-00FB-45A8-BF51-232B0974ED16}.Release|x86.ActiveCfg = Release|Any CPU
		{E092F730-00FB-45A8-BF51-232B0974ED16}.Release|x86.Build.0 = Release|Any CPU
		{ED86BE3B-93C2-42DC-9742-662421C8E12C}.Debug|Any CPU.ActiveCfg = Debug|Any CPU
		{ED86BE3B-93C2-42DC-9742-662421C8E12C}.Debug|Any CPU.Build.0 = Debug|Any CPU
		{ED86BE3B-93C2-42DC-9742-662421C8E12C}.Debug|ARM.ActiveCfg = Debug|Any CPU
		{ED86BE3B-93C2-42DC-9742-662421C8E12C}.Debug|ARM.Build.0 = Debug|Any CPU
		{ED86BE3B-93C2-42DC-9742-662421C8E12C}.Debug|x64.ActiveCfg = Debug|Any CPU
		{ED86BE3B-93C2-42DC-9742-662421C8E12C}.Debug|x64.Build.0 = Debug|Any CPU
		{ED86BE3B-93C2-42DC-9742-662421C8E12C}.Debug|x86.ActiveCfg = Debug|Any CPU
		{ED86BE3B-93C2-42DC-9742-662421C8E12C}.Debug|x86.Build.0 = Debug|Any CPU
		{ED86BE3B-93C2-42DC-9742-662421C8E12C}.Release|Any CPU.ActiveCfg = Release|Any CPU
		{ED86BE3B-93C2-42DC-9742-662421C8E12C}.Release|Any CPU.Build.0 = Release|Any CPU
		{ED86BE3B-93C2-42DC-9742-662421C8E12C}.Release|ARM.ActiveCfg = Release|Any CPU
		{ED86BE3B-93C2-42DC-9742-662421C8E12C}.Release|ARM.Build.0 = Release|Any CPU
		{ED86BE3B-93C2-42DC-9742-662421C8E12C}.Release|x64.ActiveCfg = Release|Any CPU
		{ED86BE3B-93C2-42DC-9742-662421C8E12C}.Release|x64.Build.0 = Release|Any CPU
		{ED86BE3B-93C2-42DC-9742-662421C8E12C}.Release|x86.ActiveCfg = Release|Any CPU
		{ED86BE3B-93C2-42DC-9742-662421C8E12C}.Release|x86.Build.0 = Release|Any CPU
		{256D7298-803C-4760-BFAB-9D479FB619A1}.Debug|Any CPU.ActiveCfg = Debug|Any CPU
		{256D7298-803C-4760-BFAB-9D479FB619A1}.Debug|Any CPU.Build.0 = Debug|Any CPU
		{256D7298-803C-4760-BFAB-9D479FB619A1}.Debug|ARM.ActiveCfg = Debug|Any CPU
		{256D7298-803C-4760-BFAB-9D479FB619A1}.Debug|ARM.Build.0 = Debug|Any CPU
		{256D7298-803C-4760-BFAB-9D479FB619A1}.Debug|x64.ActiveCfg = Debug|Any CPU
		{256D7298-803C-4760-BFAB-9D479FB619A1}.Debug|x64.Build.0 = Debug|Any CPU
		{256D7298-803C-4760-BFAB-9D479FB619A1}.Debug|x86.ActiveCfg = Debug|Any CPU
		{256D7298-803C-4760-BFAB-9D479FB619A1}.Debug|x86.Build.0 = Debug|Any CPU
		{256D7298-803C-4760-BFAB-9D479FB619A1}.Release|Any CPU.ActiveCfg = Release|Any CPU
		{256D7298-803C-4760-BFAB-9D479FB619A1}.Release|Any CPU.Build.0 = Release|Any CPU
		{256D7298-803C-4760-BFAB-9D479FB619A1}.Release|ARM.ActiveCfg = Release|Any CPU
		{256D7298-803C-4760-BFAB-9D479FB619A1}.Release|ARM.Build.0 = Release|Any CPU
		{256D7298-803C-4760-BFAB-9D479FB619A1}.Release|x64.ActiveCfg = Release|Any CPU
		{256D7298-803C-4760-BFAB-9D479FB619A1}.Release|x64.Build.0 = Release|Any CPU
		{256D7298-803C-4760-BFAB-9D479FB619A1}.Release|x86.ActiveCfg = Release|Any CPU
		{256D7298-803C-4760-BFAB-9D479FB619A1}.Release|x86.Build.0 = Release|Any CPU
		{D85CC6D6-4371-40E2-9357-EDD9AC71E3D7}.Debug|Any CPU.ActiveCfg = Debug|Any CPU
		{D85CC6D6-4371-40E2-9357-EDD9AC71E3D7}.Debug|Any CPU.Build.0 = Debug|Any CPU
		{D85CC6D6-4371-40E2-9357-EDD9AC71E3D7}.Debug|ARM.ActiveCfg = Debug|Any CPU
		{D85CC6D6-4371-40E2-9357-EDD9AC71E3D7}.Debug|ARM.Build.0 = Debug|Any CPU
		{D85CC6D6-4371-40E2-9357-EDD9AC71E3D7}.Debug|x64.ActiveCfg = Debug|Any CPU
		{D85CC6D6-4371-40E2-9357-EDD9AC71E3D7}.Debug|x64.Build.0 = Debug|Any CPU
		{D85CC6D6-4371-40E2-9357-EDD9AC71E3D7}.Debug|x86.ActiveCfg = Debug|Any CPU
		{D85CC6D6-4371-40E2-9357-EDD9AC71E3D7}.Debug|x86.Build.0 = Debug|Any CPU
		{D85CC6D6-4371-40E2-9357-EDD9AC71E3D7}.Release|Any CPU.ActiveCfg = Release|Any CPU
		{D85CC6D6-4371-40E2-9357-EDD9AC71E3D7}.Release|Any CPU.Build.0 = Release|Any CPU
		{D85CC6D6-4371-40E2-9357-EDD9AC71E3D7}.Release|ARM.ActiveCfg = Release|Any CPU
		{D85CC6D6-4371-40E2-9357-EDD9AC71E3D7}.Release|ARM.Build.0 = Release|Any CPU
		{D85CC6D6-4371-40E2-9357-EDD9AC71E3D7}.Release|x64.ActiveCfg = Release|Any CPU
		{D85CC6D6-4371-40E2-9357-EDD9AC71E3D7}.Release|x64.Build.0 = Release|Any CPU
		{D85CC6D6-4371-40E2-9357-EDD9AC71E3D7}.Release|x86.ActiveCfg = Release|Any CPU
		{D85CC6D6-4371-40E2-9357-EDD9AC71E3D7}.Release|x86.Build.0 = Release|Any CPU
		{75E5790F-5EAA-453E-AD38-B6612E56C24E}.Debug|Any CPU.ActiveCfg = Debug|Any CPU
		{75E5790F-5EAA-453E-AD38-B6612E56C24E}.Debug|Any CPU.Build.0 = Debug|Any CPU
		{75E5790F-5EAA-453E-AD38-B6612E56C24E}.Debug|ARM.ActiveCfg = Debug|Any CPU
		{75E5790F-5EAA-453E-AD38-B6612E56C24E}.Debug|ARM.Build.0 = Debug|Any CPU
		{75E5790F-5EAA-453E-AD38-B6612E56C24E}.Debug|x64.ActiveCfg = Debug|Any CPU
		{75E5790F-5EAA-453E-AD38-B6612E56C24E}.Debug|x64.Build.0 = Debug|Any CPU
		{75E5790F-5EAA-453E-AD38-B6612E56C24E}.Debug|x86.ActiveCfg = Debug|Any CPU
		{75E5790F-5EAA-453E-AD38-B6612E56C24E}.Debug|x86.Build.0 = Debug|Any CPU
		{75E5790F-5EAA-453E-AD38-B6612E56C24E}.Release|Any CPU.ActiveCfg = Release|Any CPU
		{75E5790F-5EAA-453E-AD38-B6612E56C24E}.Release|Any CPU.Build.0 = Release|Any CPU
		{75E5790F-5EAA-453E-AD38-B6612E56C24E}.Release|ARM.ActiveCfg = Release|Any CPU
		{75E5790F-5EAA-453E-AD38-B6612E56C24E}.Release|ARM.Build.0 = Release|Any CPU
		{75E5790F-5EAA-453E-AD38-B6612E56C24E}.Release|x64.ActiveCfg = Release|Any CPU
		{75E5790F-5EAA-453E-AD38-B6612E56C24E}.Release|x64.Build.0 = Release|Any CPU
		{75E5790F-5EAA-453E-AD38-B6612E56C24E}.Release|x86.ActiveCfg = Release|Any CPU
		{75E5790F-5EAA-453E-AD38-B6612E56C24E}.Release|x86.Build.0 = Release|Any CPU
		{5210A807-9F00-4F83-81C0-A08D9086F6D0}.Debug|Any CPU.ActiveCfg = Debug|Any CPU
		{5210A807-9F00-4F83-81C0-A08D9086F6D0}.Debug|Any CPU.Build.0 = Debug|Any CPU
		{5210A807-9F00-4F83-81C0-A08D9086F6D0}.Debug|ARM.ActiveCfg = Debug|Any CPU
		{5210A807-9F00-4F83-81C0-A08D9086F6D0}.Debug|ARM.Build.0 = Debug|Any CPU
		{5210A807-9F00-4F83-81C0-A08D9086F6D0}.Debug|x64.ActiveCfg = Debug|Any CPU
		{5210A807-9F00-4F83-81C0-A08D9086F6D0}.Debug|x64.Build.0 = Debug|Any CPU
		{5210A807-9F00-4F83-81C0-A08D9086F6D0}.Debug|x86.ActiveCfg = Debug|Any CPU
		{5210A807-9F00-4F83-81C0-A08D9086F6D0}.Debug|x86.Build.0 = Debug|Any CPU
		{5210A807-9F00-4F83-81C0-A08D9086F6D0}.Release|Any CPU.ActiveCfg = Release|Any CPU
		{5210A807-9F00-4F83-81C0-A08D9086F6D0}.Release|Any CPU.Build.0 = Release|Any CPU
		{5210A807-9F00-4F83-81C0-A08D9086F6D0}.Release|ARM.ActiveCfg = Release|Any CPU
		{5210A807-9F00-4F83-81C0-A08D9086F6D0}.Release|ARM.Build.0 = Release|Any CPU
		{5210A807-9F00-4F83-81C0-A08D9086F6D0}.Release|x64.ActiveCfg = Release|Any CPU
		{5210A807-9F00-4F83-81C0-A08D9086F6D0}.Release|x64.Build.0 = Release|Any CPU
		{5210A807-9F00-4F83-81C0-A08D9086F6D0}.Release|x86.ActiveCfg = Release|Any CPU
		{5210A807-9F00-4F83-81C0-A08D9086F6D0}.Release|x86.Build.0 = Release|Any CPU
		{2E3CAA74-292A-443C-9199-878CD81B0A2B}.Debug|Any CPU.ActiveCfg = Debug|Any CPU
		{2E3CAA74-292A-443C-9199-878CD81B0A2B}.Debug|Any CPU.Build.0 = Debug|Any CPU
		{2E3CAA74-292A-443C-9199-878CD81B0A2B}.Debug|ARM.ActiveCfg = Debug|Any CPU
		{2E3CAA74-292A-443C-9199-878CD81B0A2B}.Debug|ARM.Build.0 = Debug|Any CPU
		{2E3CAA74-292A-443C-9199-878CD81B0A2B}.Debug|x64.ActiveCfg = Debug|Any CPU
		{2E3CAA74-292A-443C-9199-878CD81B0A2B}.Debug|x64.Build.0 = Debug|Any CPU
		{2E3CAA74-292A-443C-9199-878CD81B0A2B}.Debug|x86.ActiveCfg = Debug|Any CPU
		{2E3CAA74-292A-443C-9199-878CD81B0A2B}.Debug|x86.Build.0 = Debug|Any CPU
		{2E3CAA74-292A-443C-9199-878CD81B0A2B}.Release|Any CPU.ActiveCfg = Release|Any CPU
		{2E3CAA74-292A-443C-9199-878CD81B0A2B}.Release|Any CPU.Build.0 = Release|Any CPU
		{2E3CAA74-292A-443C-9199-878CD81B0A2B}.Release|ARM.ActiveCfg = Release|Any CPU
		{2E3CAA74-292A-443C-9199-878CD81B0A2B}.Release|ARM.Build.0 = Release|Any CPU
		{2E3CAA74-292A-443C-9199-878CD81B0A2B}.Release|x64.ActiveCfg = Release|Any CPU
		{2E3CAA74-292A-443C-9199-878CD81B0A2B}.Release|x64.Build.0 = Release|Any CPU
		{2E3CAA74-292A-443C-9199-878CD81B0A2B}.Release|x86.ActiveCfg = Release|Any CPU
		{2E3CAA74-292A-443C-9199-878CD81B0A2B}.Release|x86.Build.0 = Release|Any CPU
	EndGlobalSection
	GlobalSection(SolutionProperties) = preSolution
		HideSolutionNode = FALSE
	EndGlobalSection
	GlobalSection(NestedProjects) = preSolution
		{EB4E44DE-16CA-4C43-A0B9-195CD7428048} = {10930992-73C6-4C38-9815-F039030EFEFA}
		{E092F730-00FB-45A8-BF51-232B0974ED16} = {ABAD0F67-B5AB-40EC-8B9C-322B5B1F2B8C}
		{ED86BE3B-93C2-42DC-9742-662421C8E12C} = {36090BD2-85D7-493D-870D-CAADC2B7A27E}
		{256D7298-803C-4760-BFAB-9D479FB619A1} = {2B081DBD-AD4B-453F-822F-CEF185C59245}
		{D85CC6D6-4371-40E2-9357-EDD9AC71E3D7} = {476B8801-06B9-4E23-8B87-4DBF626C35ED}
		{75E5790F-5EAA-453E-AD38-B6612E56C24E} = {36090BD2-85D7-493D-870D-CAADC2B7A27E}
		{5210A807-9F00-4F83-81C0-A08D9086F6D0} = {3BCA2188-51EC-4C01-9C94-1CD583FAEFD3}
		{2E3CAA74-292A-443C-9199-878CD81B0A2B} = {3BCA2188-51EC-4C01-9C94-1CD583FAEFD3}
	EndGlobalSection
EndGlobal
